
Microsoft Visual Studio Solution File, Format Version 12.00
# Visual Studio Version 17
VisualStudioVersion = 17.9.34723.18
MinimumVisualStudioVersion = 10.0.40219.1
Project("{FAE04EC0-301F-11D3-BF4B-00C04F79EFBC}") = "Clase_3", "Clase_3\Clase_3.csproj", "{1A2EB250-BB84-4DF5-89A2-E4674DC929A6}"
EndProject
Global
	GlobalSection(SolutionConfigurationPlatforms) = preSolution
		Debug|Any CPU = Debug|Any CPU
		Release|Any CPU = Release|Any CPU
	EndGlobalSection
	GlobalSection(ProjectConfigurationPlatforms) = postSolution
		{1A2EB250-BB84-4DF5-89A2-E4674DC929A6}.Debug|Any CPU.ActiveCfg = Debug|Any CPU
		{1A2EB250-BB84-4DF5-89A2-E4674DC929A6}.Debug|Any CPU.Build.0 = Debug|Any CPU
		{1A2EB250-BB84-4DF5-89A2-E4674DC929A6}.Release|Any CPU.ActiveCfg = Release|Any CPU
		{1A2EB250-BB84-4DF5-89A2-E4674DC929A6}.Release|Any CPU.Build.0 = Release|Any CPU
	EndGlobalSection
	GlobalSection(SolutionProperties) = preSolution
		HideSolutionNode = FALSE
	EndGlobalSection
	GlobalSection(ExtensibilityGlobals) = postSolution
		SolutionGuid = {8AD523AD-7854-4646-B85A-996204D3182F}
	EndGlobalSection
EndGlobal
